<?xml version="1.0" encoding="utf-8"?>
<Project ToolsVersion="4.0" xmlns="http://schemas.microsoft.com/developer/msbuild/2003">
  <ItemGroup>
    <Filter Include="Common">
      <UniqueIdentifier>{79fb8c4a-99f5-44a9-8449-3cf3271da838}</UniqueIdentifier>
    </Filter>
    <Filter Include="Profiler">
      <UniqueIdentifier>{d9fedcf2-cf9c-4660-bdbb-4bb0feb4825f}</UniqueIdentifier>
    </Filter>
  </ItemGroup>
  <ItemGroup>
    <ClCompile Include="Profiler\WiretapProfiler.cpp">
      <Filter>Profiler</Filter>
    </ClCompile>
    <ClCompile Include="Common\WiretapUtils.cpp">
      <Filter>Common</Filter>
    </ClCompile>
    <ClCompile Include="Profiler\main.cpp" />
  </ItemGroup>
  <ItemGroup>
    <ClInclude Include="Profiler\WiretapProfiler.h">
      <Filter>Profiler</Filter>
    </ClInclude>
    <ClInclude Include="Common\WiretapUtils.h">
      <Filter>Common</Filter>
    </ClInclude>
  </ItemGroup>
</Project>