
Microsoft Visual Studio Solution File, Format Version 12.00
# Visual Studio 2012
Project("{8BC9CEB8-8B4A-11D0-8D11-00A0C91BC942}") = "WiretapProfiler", "src\WiretapProfiler.vcxproj", "{68C9CBB8-DEB6-4740-AAFA-853A8C999C8B}"
EndProject
Project("{8BC9CEB8-8B4A-11D0-8D11-00A0C91BC942}") = "Example", "src\Example.vcxproj", "{38D7DA7D-B2E3-48A6-9F15-6FB5DD451752}"
	ProjectSection(ProjectDependencies) = postProject
		{68C9CBB8-DEB6-4740-AAFA-853A8C999C8B} = {68C9CBB8-DEB6-4740-AAFA-853A8C999C8B}
	EndProjectSection
EndProject
Global
	GlobalSection(SolutionConfigurationPlatforms) = preSolution
		Debug|Win32 = Debug|Win32
		Release|Win32 = Release|Win32
	EndGlobalSection
	GlobalSection(ProjectConfigurationPlatforms) = postSolution
		{68C9CBB8-DEB6-4740-AAFA-853A8C999C8B}.Debug|Win32.ActiveCfg = Debug|Win32
		{68C9CBB8-DEB6-4740-AAFA-853A8C999C8B}.Debug|Win32.Build.0 = Debug|Win32
		{68C9CBB8-DEB6-4740-AAFA-853A8C999C8B}.Release|Win32.ActiveCfg = Release|Win32
		{68C9CBB8-DEB6-4740-AAFA-853A8C999C8B}.Release|Win32.Build.0 = Release|Win32
		{38D7DA7D-B2E3-48A6-9F15-6FB5DD451752}.Debug|Win32.ActiveCfg = Debug|Win32
		{38D7DA7D-B2E3-48A6-9F15-6FB5DD451752}.Debug|Win32.Build.0 = Debug|Win32
		{38D7DA7D-B2E3-48A6-9F15-6FB5DD451752}.Release|Win32.ActiveCfg = Release|Win32
		{38D7DA7D-B2E3-48A6-9F15-6FB5DD451752}.Release|Win32.Build.0 = Release|Win32
	EndGlobalSection
	GlobalSection(SolutionProperties) = preSolution
		HideSolutionNode = FALSE
	EndGlobalSection
EndGlobal
